
Microsoft Visual Studio Solution File, Format Version 12.00
# Visual Studio Version 16
VisualStudioVersion = 16.0.30804.86
MinimumVisualStudioVersion = 10.0.40219.1
Project("{FAE04EC0-301F-11D3-BF4B-00C04F79EFBC}") = "HashTable", "HashTabl\HashTable.csproj", "{A9F3F134-4B6F-47C8-8D21-CC90F412415D}"
EndProject
Global
	GlobalSection(SolutionConfigurationPlatforms) = preSolution
		Debug|Any CPU = Debug|Any CPU
		Release|Any CPU = Release|Any CPU
	EndGlobalSection
	GlobalSection(ProjectConfigurationPlatforms) = postSolution
		{A9F3F134-4B6F-47C8-8D21-CC90F412415D}.Debug|Any CPU.ActiveCfg = Debug|Any CPU
		{A9F3F134-4B6F-47C8-8D21-CC90F412415D}.Debug|Any CPU.Build.0 = Debug|Any CPU
		{A9F3F134-4B6F-47C8-8D21-CC90F412415D}.Release|Any CPU.ActiveCfg = Release|Any CPU
		{A9F3F134-4B6F-47C8-8D21-CC90F412415D}.Release|Any CPU.Build.0 = Release|Any CPU
	EndGlobalSection
	GlobalSection(SolutionProperties) = preSolution
		HideSolutionNode = FALSE
	EndGlobalSection
	GlobalSection(ExtensibilityGlobals) = postSolution
		SolutionGuid = {6E12164B-F27C-4B8A-BB55-8011246A9E0D}
	EndGlobalSection
EndGlobal
